
Microsoft Visual Studio Solution File, Format Version 12.00
# Visual Studio 15
VisualStudioVersion = 15.0.26730.12
MinimumVisualStudioVersion = 10.0.40219.1
Project("{FAE04EC0-301F-11D3-BF4B-00C04F79EFBC}") = "Redoubt.Core", "Redoubt.Core\Redoubt.Core.csproj", "{40E6DCCF-2006-457B-8209-7605F1F2EA1D}"
EndProject
Project("{FAE04EC0-301F-11D3-BF4B-00C04F79EFBC}") = "Redoubt.UI.Droid", "Redoubt.UI.Droid\Redoubt.UI.Droid.csproj", "{72BAE010-CC7E-4C01-A2A9-4C7D515E873C}"
EndProject
Global
	GlobalSection(SolutionConfigurationPlatforms) = preSolution
		Debug|Any CPU = Debug|Any CPU
		Release|Any CPU = Release|Any CPU
	EndGlobalSection
	GlobalSection(ProjectConfigurationPlatforms) = postSolution
		{40E6DCCF-2006-457B-8209-7605F1F2EA1D}.Debug|Any CPU.ActiveCfg = Debug|Any CPU
		{40E6DCCF-2006-457B-8209-7605F1F2EA1D}.Debug|Any CPU.Build.0 = Debug|Any CPU
		{40E6DCCF-2006-457B-8209-7605F1F2EA1D}.Release|Any CPU.ActiveCfg = Release|Any CPU
		{40E6DCCF-2006-457B-8209-7605F1F2EA1D}.Release|Any CPU.Build.0 = Release|Any CPU
		{72BAE010-CC7E-4C01-A2A9-4C7D515E873C}.Debug|Any CPU.ActiveCfg = Debug|Any CPU
		{72BAE010-CC7E-4C01-A2A9-4C7D515E873C}.Debug|Any CPU.Build.0 = Debug|Any CPU
		{72BAE010-CC7E-4C01-A2A9-4C7D515E873C}.Debug|Any CPU.Deploy.0 = Debug|Any CPU
		{72BAE010-CC7E-4C01-A2A9-4C7D515E873C}.Release|Any CPU.ActiveCfg = Release|Any CPU
		{72BAE010-CC7E-4C01-A2A9-4C7D515E873C}.Release|Any CPU.Build.0 = Release|Any CPU
		{72BAE010-CC7E-4C01-A2A9-4C7D515E873C}.Release|Any CPU.Deploy.0 = Release|Any CPU
	EndGlobalSection
	GlobalSection(SolutionProperties) = preSolution
		HideSolutionNode = FALSE
	EndGlobalSection
	GlobalSection(ExtensibilityGlobals) = postSolution
		SolutionGuid = {5AAF2A25-EEBC-4141-BD06-4943172A346B}
	EndGlobalSection
EndGlobal
