
Microsoft Visual Studio Solution File, Format Version 12.00
# Visual Studio 15
VisualStudioVersion = 15.0.26730.12
MinimumVisualStudioVersion = 10.0.40219.1
Project("{FAE04EC0-301F-11D3-BF4B-00C04F79EFBC}") = "Redoubt.Core", "Redoubt.Core\Redoubt.Core.csproj", "{D4E19F14-E30E-4C2C-8983-9E0BB44FBA50}"
EndProject
Project("{FAE04EC0-301F-11D3-BF4B-00C04F79EFBC}") = "Redoubt.UI.Droid", "Redoubt.UI.Droid\Redoubt.UI.Droid.csproj", "{3461BAE0-FB80-4916-A49A-2FC054CAF93C}"
EndProject
Global
	GlobalSection(SolutionConfigurationPlatforms) = preSolution
		Debug|Any CPU = Debug|Any CPU
		Release|Any CPU = Release|Any CPU
	EndGlobalSection
	GlobalSection(ProjectConfigurationPlatforms) = postSolution
		{D4E19F14-E30E-4C2C-8983-9E0BB44FBA50}.Debug|Any CPU.ActiveCfg = Debug|Any CPU
		{D4E19F14-E30E-4C2C-8983-9E0BB44FBA50}.Debug|Any CPU.Build.0 = Debug|Any CPU
		{D4E19F14-E30E-4C2C-8983-9E0BB44FBA50}.Release|Any CPU.ActiveCfg = Release|Any CPU
		{D4E19F14-E30E-4C2C-8983-9E0BB44FBA50}.Release|Any CPU.Build.0 = Release|Any CPU
		{3461BAE0-FB80-4916-A49A-2FC054CAF93C}.Debug|Any CPU.ActiveCfg = Debug|Any CPU
		{3461BAE0-FB80-4916-A49A-2FC054CAF93C}.Debug|Any CPU.Build.0 = Debug|Any CPU
		{3461BAE0-FB80-4916-A49A-2FC054CAF93C}.Debug|Any CPU.Deploy.0 = Debug|Any CPU
		{3461BAE0-FB80-4916-A49A-2FC054CAF93C}.Release|Any CPU.ActiveCfg = Release|Any CPU
		{3461BAE0-FB80-4916-A49A-2FC054CAF93C}.Release|Any CPU.Build.0 = Release|Any CPU
		{3461BAE0-FB80-4916-A49A-2FC054CAF93C}.Release|Any CPU.Deploy.0 = Release|Any CPU
	EndGlobalSection
	GlobalSection(SolutionProperties) = preSolution
		HideSolutionNode = FALSE
	EndGlobalSection
	GlobalSection(ExtensibilityGlobals) = postSolution
		SolutionGuid = {B61F268D-4B61-45D1-8620-78B7CA5B0DE9}
	EndGlobalSection
EndGlobal
